
Microsoft Visual Studio Solution File, Format Version 12.00
# Visual Studio Version 17
VisualStudioVersion = 17.10.34707.107
MinimumVisualStudioVersion = 10.0.40219.1
Project("{FAE04EC0-301F-11D3-BF4B-00C04F79EFBC}") = "DemoExam", "DemoExam\DemoExam.csproj", "{9DB4ACCC-C330-4CAE-8CED-FE2E8A29BD73}"
EndProject
Global
	GlobalSection(SolutionConfigurationPlatforms) = preSolution
		Debug|Any CPU = Debug|Any CPU
		Release|Any CPU = Release|Any CPU
	EndGlobalSection
	GlobalSection(ProjectConfigurationPlatforms) = postSolution
		{9DB4ACCC-C330-4CAE-8CED-FE2E8A29BD73}.Debug|Any CPU.ActiveCfg = Debug|Any CPU
		{9DB4ACCC-C330-4CAE-8CED-FE2E8A29BD73}.Debug|Any CPU.Build.0 = Debug|Any CPU
		{9DB4ACCC-C330-4CAE-8CED-FE2E8A29BD73}.Release|Any CPU.ActiveCfg = Release|Any CPU
		{9DB4ACCC-C330-4CAE-8CED-FE2E8A29BD73}.Release|Any CPU.Build.0 = Release|Any CPU
	EndGlobalSection
	GlobalSection(SolutionProperties) = preSolution
		HideSolutionNode = FALSE
	EndGlobalSection
	GlobalSection(ExtensibilityGlobals) = postSolution
		SolutionGuid = {101D80EA-51DD-49C7-ADE7-E827AEEF13BB}
	EndGlobalSection
EndGlobal
